Microsoft Visual Studio Solution File, Format Version 12.00
# Visual Studio 2012
Project("{FAE04EC0-301F-11D3-BF4B-00C04F79EFBC}") = "Bullet Shower", "Bullet Shower.csproj", "{A1CAD8AD-6843-43B6-BC61-382CBDF03843}"
EndProject
Global
	GlobalSection(SolutionConfigurationPlatforms) = preSolution
	Debug|Any CPU = Debug|Any CPU
	ExportDebug|Any CPU = ExportDebug|Any CPU
	ExportRelease|Any CPU = ExportRelease|Any CPU
	EndGlobalSection
	GlobalSection(ProjectConfigurationPlatforms) = postSolution
		{A1CAD8AD-6843-43B6-BC61-382CBDF03843}.Debug|Any CPU.ActiveCfg = Debug|Any CPU
		{A1CAD8AD-6843-43B6-BC61-382CBDF03843}.Debug|Any CPU.Build.0 = Debug|Any CPU
		{A1CAD8AD-6843-43B6-BC61-382CBDF03843}.ExportDebug|Any CPU.ActiveCfg = ExportDebug|Any CPU
		{A1CAD8AD-6843-43B6-BC61-382CBDF03843}.ExportDebug|Any CPU.Build.0 = ExportDebug|Any CPU
		{A1CAD8AD-6843-43B6-BC61-382CBDF03843}.ExportRelease|Any CPU.ActiveCfg = ExportRelease|Any CPU
		{A1CAD8AD-6843-43B6-BC61-382CBDF03843}.ExportRelease|Any CPU.Build.0 = ExportRelease|Any CPU
	EndGlobalSection
EndGlobal
